
Microsoft Visual Studio Solution File, Format Version 12.00
# Visual Studio Version 16
VisualStudioVersion = 16.0.29806.167
MinimumVisualStudioVersion = 10.0.40219.1
Project("{9A19103F-16F7-4668-BE54-9A1E7A4F7556}") = "PMS.API", "PMS.API\PMS.API.csproj", "{B6CD52DD-4F7F-45F0-A9B1-8D435F8476A1}"
EndProject
Project("{9A19103F-16F7-4668-BE54-9A1E7A4F7556}") = "PMS.Domain", "PMS.Domain\PMS.Domain.csproj", "{896D8BC3-BBD5-4AE4-80EA-B6EAE51A3784}"
EndProject
Project("{9A19103F-16F7-4668-BE54-9A1E7A4F7556}") = "PMS.Infrastructure", "PMS.Infrastructure\PMS.Infrastructure.csproj", "{6BA39CFB-C18D-44DD-B9CD-6156E901F417}"
EndProject
Project("{FAE04EC0-301F-11D3-BF4B-00C04F79EFBC}") = "PMS.UnitTests", "PMS.UnitTests\PMS.UnitTests.csproj", "{9CF62E36-4850-422A-A0E7-C00AB621D885}"
EndProject
Global
	GlobalSection(SolutionConfigurationPlatforms) = preSolution
		Debug|Any CPU = Debug|Any CPU
		Release|Any CPU = Release|Any CPU
	EndGlobalSection
	GlobalSection(ProjectConfigurationPlatforms) = postSolution
		{B6CD52DD-4F7F-45F0-A9B1-8D435F8476A1}.Debug|Any CPU.ActiveCfg = Debug|Any CPU
		{B6CD52DD-4F7F-45F0-A9B1-8D435F8476A1}.Debug|Any CPU.Build.0 = Debug|Any CPU
		{B6CD52DD-4F7F-45F0-A9B1-8D435F8476A1}.Release|Any CPU.ActiveCfg = Release|Any CPU
		{B6CD52DD-4F7F-45F0-A9B1-8D435F8476A1}.Release|Any CPU.Build.0 = Release|Any CPU
		{896D8BC3-BBD5-4AE4-80EA-B6EAE51A3784}.Debug|Any CPU.ActiveCfg = Debug|Any CPU
		{896D8BC3-BBD5-4AE4-80EA-B6EAE51A3784}.Debug|Any CPU.Build.0 = Debug|Any CPU
		{896D8BC3-BBD5-4AE4-80EA-B6EAE51A3784}.Release|Any CPU.ActiveCfg = Release|Any CPU
		{896D8BC3-BBD5-4AE4-80EA-B6EAE51A3784}.Release|Any CPU.Build.0 = Release|Any CPU
		{6BA39CFB-C18D-44DD-B9CD-6156E901F417}.Debug|Any CPU.ActiveCfg = Debug|Any CPU
		{6BA39CFB-C18D-44DD-B9CD-6156E901F417}.Debug|Any CPU.Build.0 = Debug|Any CPU
		{6BA39CFB-C18D-44DD-B9CD-6156E901F417}.Release|Any CPU.ActiveCfg = Release|Any CPU
		{6BA39CFB-C18D-44DD-B9CD-6156E901F417}.Release|Any CPU.Build.0 = Release|Any CPU
		{9CF62E36-4850-422A-A0E7-C00AB621D885}.Debug|Any CPU.ActiveCfg = Debug|Any CPU
		{9CF62E36-4850-422A-A0E7-C00AB621D885}.Debug|Any CPU.Build.0 = Debug|Any CPU
		{9CF62E36-4850-422A-A0E7-C00AB621D885}.Release|Any CPU.ActiveCfg = Release|Any CPU
		{9CF62E36-4850-422A-A0E7-C00AB621D885}.Release|Any CPU.Build.0 = Release|Any CPU
	EndGlobalSection
	GlobalSection(SolutionProperties) = preSolution
		HideSolutionNode = FALSE
	EndGlobalSection
	GlobalSection(ExtensibilityGlobals) = postSolution
		SolutionGuid = {5CF30666-FC17-417C-8655-CD51397D3DE1}
	EndGlobalSection
EndGlobal
